
Microsoft Visual Studio Solution File, Format Version 12.00
# Visual Studio Version 17
VisualStudioVersion = 17.6.33815.320
MinimumVisualStudioVersion = 10.0.40219.1
Project("{9A19103F-16F7-4668-BE54-9A1E7A4F7556}") = "HomeWork_lesson12_Task1", "HomeWork_lesson12_Task1.csproj", "{0FDC7F63-3AC8-4087-A590-09CF0547F6B3}"
EndProject
Global
	GlobalSection(SolutionConfigurationPlatforms) = preSolution
		Debug|Any CPU = Debug|Any CPU
		Release|Any CPU = Release|Any CPU
	EndGlobalSection
	GlobalSection(ProjectConfigurationPlatforms) = postSolution
		{0FDC7F63-3AC8-4087-A590-09CF0547F6B3}.Debug|Any CPU.ActiveCfg = Debug|Any CPU
		{0FDC7F63-3AC8-4087-A590-09CF0547F6B3}.Debug|Any CPU.Build.0 = Debug|Any CPU
		{0FDC7F63-3AC8-4087-A590-09CF0547F6B3}.Release|Any CPU.ActiveCfg = Release|Any CPU
		{0FDC7F63-3AC8-4087-A590-09CF0547F6B3}.Release|Any CPU.Build.0 = Release|Any CPU
	EndGlobalSection
	GlobalSection(SolutionProperties) = preSolution
		HideSolutionNode = FALSE
	EndGlobalSection
	GlobalSection(ExtensibilityGlobals) = postSolution
		SolutionGuid = {DA52F61D-28B8-46DA-9E68-F4FEC39D7254}
	EndGlobalSection
EndGlobal
